{
    "version": 3,
    "terraform_version": "0.11.13",
    "serial": 7,
    "lineage": "bb49cb14-fbf9-0ed4-6112-7505ffdb6297",
    "modules": [
        {
            "path": [
                "root"
            ],
            "outputs": {
                "endpoint": {
                    "sensitive": false,
                    "type": "string",
                    "value": "https://AD9CF2B53B1EC170B9DE23E0A2215AC0.gr7.us-east-1.eks.amazonaws.com"
                },
                "kubeconfig-certificate-authority-data": {
                    "sensitive": false,
                    "type": "list",
                    "value": [
                        "LS0tLS1CRUdJTiBDRVJUSUZJQ0FURS0tLS0tCk1JSUN5RENDQWJDZ0F3SUJBZ0lCQURBTkJna3Foa2lHOXcwQkFRc0ZBREFWTVJNd0VRWURWUVFERXdwcmRXSmwKY201bGRHVnpNQjRYRFRJd01EUXhOREUwTkRJd01Gb1hEVE13TURReE1qRTBOREl3TUZvd0ZURVRNQkVHQTFVRQpBeE1LYTNWaVpYSnVaWFJsY3pDQ0FTSXdEUVlKS29aSWh2Y05BUUVCQlFBRGdnRVBBRENDQVFvQ2dnRUJBTVBDCllUUHV5ak9lemwzUDhpN01TQ2xDTFcrYXUrR0pXT21odzR1UFg0blRCMUhPZEMrbTJZWGFwNGJtaDhjd205cm0KaHBaVUFaZGJheEFYays1ckpEUnFFVUI2L1NNVmJUOW9FWVZWbE1IdHRsTDZnNHBrYTdRaTY0NHdwN3ZWNGVnSwpPVE5HY0liUEFmaThXRTMyTS9hb2VGMnIrSjBlNXZPOXZnWXNtQXpxejZHMThtdm9zSU9KM1BlL0lCZWljMkFhCnZaRFJEenhtaTA4SUpJZVd6c3RUTEdOd1dvMEsvUDdaZVNJdllSYXA3blhGYUpLc3V4a1ZCdEpaRG5jN3VLU3kKNDF4SUNFTERVOTlMRWVYdVA1d1JVVGovSmlPLzBLUHJ0aWovS3dYMk1lYWZxaGh3OXA1a2ZuM3IzaVR0cHVWZAplZ3RQRmF3WjdvMG01cXRPZTFrQ0F3RUFBYU1qTUNFd0RnWURWUjBQQVFIL0JBUURBZ0trTUE4R0ExVWRFd0VCCi93UUZNQU1CQWY4d0RRWUpLb1pJaHZjTkFRRUxCUUFEZ2dFQkFIRytWcHBoOVhGZ0phMWl3S2ticUlJL0pzTWkKdlFkcGNYZDh5OFFuQUZFWmxHeVhlVlloN0hOcVFoMmhKcThKUjhBS0RYTEFHZkxuL3IxSG9oeFhaR0JvMCtDLwpwSEI5Y1FacTU1WDVDS2tRa1llK2hUb1pLT2w1ZHprN2hCL1BLa3BsNXEyeFlNenlPQnlmdStRN2NnWndEV3paCmlRTVdZcmJ0a2JBWHV5aWJpQXhSR0FBcjVBNXo2WFMzdUlySSszNExZZnZsQ3p3V20xQmRHSXJkZFhjK3NEUHIKR3dRR0h2MG56WDhQNFB0Z1l5SHpuMHpnN1lnZnNJL3FMbk5JQnc0ZUhLOVJaVUVLbmdEZmhwMEM2Wk9WNHdyaApYUmlBWjlSTWVQeEJReWdtYURpR1o3bXI3aHA2Q1M4SksvRUxyUUNHRUpIanFjWlFIZldzNnlRY3pYVT0KLS0tLS1FTkQgQ0VSVElGSUNBVEUtLS0tLQo="
                    ]
                }
            },
            "resources": {
                "aws_cloudwatch_log_group.hello-world-api": {
                    "type": "aws_cloudwatch_log_group",
                    "depends_on": [],
                    "primary": {
                        "id": "",
                        "attributes": {},
                        "meta": {},
                        "tainted": false
                    },
                    "deposed": [],
                    "provider": "provider.aws"
                },
                "aws_eks_cluster.EKS_Cluster": {
                    "type": "aws_eks_cluster",
                    "depends_on": [
                        "aws_iam_policy_attachment.EKSClusterPolicy_attach",
                        "aws_iam_policy_attachment.EKSServicePolicy_attach",
                        "aws_iam_role.EKSRole",
                        "aws_security_group.eks_security_group",
                        "aws_subnet.public_subnet_1",
                        "aws_subnet.public_subnet_2"
                    ],
                    "primary": {
                        "id": "HelloWorld_API_Cluster",
                        "attributes": {
                            "arn": "arn:aws:eks:us-east-1:996688246986:cluster/HelloWorld_API_Cluster",
                            "certificate_authority.#": "1",
                            "certificate_authority.0.data": "LS0tLS1CRUdJTiBDRVJUSUZJQ0FURS0tLS0tCk1JSUN5RENDQWJDZ0F3SUJBZ0lCQURBTkJna3Foa2lHOXcwQkFRc0ZBREFWTVJNd0VRWURWUVFERXdwcmRXSmwKY201bGRHVnpNQjRYRFRJd01EUXhOREUwTkRJd01Gb1hEVE13TURReE1qRTBOREl3TUZvd0ZURVRNQkVHQTFVRQpBeE1LYTNWaVpYSnVaWFJsY3pDQ0FTSXdEUVlKS29aSWh2Y05BUUVCQlFBRGdnRVBBRENDQVFvQ2dnRUJBTVBDCllUUHV5ak9lemwzUDhpN01TQ2xDTFcrYXUrR0pXT21odzR1UFg0blRCMUhPZEMrbTJZWGFwNGJtaDhjd205cm0KaHBaVUFaZGJheEFYays1ckpEUnFFVUI2L1NNVmJUOW9FWVZWbE1IdHRsTDZnNHBrYTdRaTY0NHdwN3ZWNGVnSwpPVE5HY0liUEFmaThXRTMyTS9hb2VGMnIrSjBlNXZPOXZnWXNtQXpxejZHMThtdm9zSU9KM1BlL0lCZWljMkFhCnZaRFJEenhtaTA4SUpJZVd6c3RUTEdOd1dvMEsvUDdaZVNJdllSYXA3blhGYUpLc3V4a1ZCdEpaRG5jN3VLU3kKNDF4SUNFTERVOTlMRWVYdVA1d1JVVGovSmlPLzBLUHJ0aWovS3dYMk1lYWZxaGh3OXA1a2ZuM3IzaVR0cHVWZAplZ3RQRmF3WjdvMG01cXRPZTFrQ0F3RUFBYU1qTUNFd0RnWURWUjBQQVFIL0JBUURBZ0trTUE4R0ExVWRFd0VCCi93UUZNQU1CQWY4d0RRWUpLb1pJaHZjTkFRRUxCUUFEZ2dFQkFIRytWcHBoOVhGZ0phMWl3S2ticUlJL0pzTWkKdlFkcGNYZDh5OFFuQUZFWmxHeVhlVlloN0hOcVFoMmhKcThKUjhBS0RYTEFHZkxuL3IxSG9oeFhaR0JvMCtDLwpwSEI5Y1FacTU1WDVDS2tRa1llK2hUb1pLT2w1ZHprN2hCL1BLa3BsNXEyeFlNenlPQnlmdStRN2NnWndEV3paCmlRTVdZcmJ0a2JBWHV5aWJpQXhSR0FBcjVBNXo2WFMzdUlySSszNExZZnZsQ3p3V20xQmRHSXJkZFhjK3NEUHIKR3dRR0h2MG56WDhQNFB0Z1l5SHpuMHpnN1lnZnNJL3FMbk5JQnc0ZUhLOVJaVUVLbmdEZmhwMEM2Wk9WNHdyaApYUmlBWjlSTWVQeEJReWdtYURpR1o3bXI3aHA2Q1M4SksvRUxyUUNHRUpIanFjWlFIZldzNnlRY3pYVT0KLS0tLS1FTkQgQ0VSVElGSUNBVEUtLS0tLQo=",
                            "created_at": "2020-04-14 14:33:37 +0000 UTC",
                            "enabled_cluster_log_types.#": "0",
                            "encryption_config.#": "0",
                            "endpoint": "https://AD9CF2B53B1EC170B9DE23E0A2215AC0.gr7.us-east-1.eks.amazonaws.com",
                            "id": "HelloWorld_API_Cluster",
                            "identity.#": "1",
                            "identity.0.oidc.#": "1",
                            "identity.0.oidc.0.issuer": "https://oidc.eks.us-east-1.amazonaws.com/id/AD9CF2B53B1EC170B9DE23E0A2215AC0",
                            "name": "HelloWorld_API_Cluster",
                            "platform_version": "eks.2",
                            "role_arn": "arn:aws:iam::996688246986:role/EKSRole",
                            "status": "ACTIVE",
                            "tags.%": "0",
                            "version": "1.15",
                            "vpc_config.#": "1",
                            "vpc_config.0.cluster_security_group_id": "sg-0ad306ba0861f49c2",
                            "vpc_config.0.endpoint_private_access": "false",
                            "vpc_config.0.endpoint_public_access": "true",
                            "vpc_config.0.public_access_cidrs.#": "1",
                            "vpc_config.0.public_access_cidrs.217649824": "0.0.0.0/0",
                            "vpc_config.0.security_group_ids.#": "1",
                            "vpc_config.0.security_group_ids.2653343385": "sg-0c0712b1ba40f81f8",
                            "vpc_config.0.subnet_ids.#": "2",
                            "vpc_config.0.subnet_ids.1248007367": "subnet-06b9062f27e95030f",
                            "vpc_config.0.subnet_ids.177819946": "subnet-07732ba79c3794f17",
                            "vpc_config.0.vpc_id": "vpc-00fa97c7ffba1435d"
                        },
                        "meta": {
                            "e2bfb730-ecaa-11e6-8f88-34363bc7c4c0": {
                                "create": 1800000000000,
                                "delete": 900000000000,
                                "update": 3600000000000
                            }
                        },
                        "tainted": false
                    },
                    "deposed": [],
                    "provider": "provider.aws"
                },
                "aws_eks_node_group.EKS_node_group": {
                    "type": "aws_eks_node_group",
                    "depends_on": [
                        "aws_eks_cluster.EKS_Cluster",
                        "aws_iam_policy_attachment.CNIPolicy_attach",
                        "aws_iam_policy_attachment.ContainerRegPolicy_attach",
                        "aws_iam_policy_attachment.WorkerNodePolicy_attach",
                        "aws_iam_role.NodeGroupRole",
                        "aws_subnet.public_subnet_1",
                        "aws_subnet.public_subnet_2"
                    ],
                    "primary": {
                        "id": "HelloWorld_API_Cluster:HelloWorld_Nodes",
                        "attributes": {
                            "ami_type": "AL2_x86_64",
                            "arn": "arn:aws:eks:us-east-1:996688246986:nodegroup/HelloWorld_API_Cluster/HelloWorld_Nodes/88b8bc93-7c45-b126-50a4-101227d03bc7",
                            "cluster_name": "HelloWorld_API_Cluster",
                            "disk_size": "20",
                            "id": "HelloWorld_API_Cluster:HelloWorld_Nodes",
                            "instance_types.#": "1",
                            "instance_types.1288588634": "t3.medium",
                            "labels.%": "0",
                            "node_group_name": "HelloWorld_Nodes",
                            "node_role_arn": "arn:aws:iam::996688246986:role/NodeGroupRole",
                            "release_version": "1.15.10-20200228",
                            "remote_access.#": "0",
                            "resources.#": "1",
                            "resources.0.autoscaling_groups.#": "1",
                            "resources.0.autoscaling_groups.0.name": "eks-88b8bc93-7c45-b126-50a4-101227d03bc7",
                            "resources.0.remote_access_security_group_id": "",
                            "scaling_config.#": "1",
                            "scaling_config.0.desired_size": "2",
                            "scaling_config.0.max_size": "4",
                            "scaling_config.0.min_size": "1",
                            "status": "ACTIVE",
                            "subnet_ids.#": "2",
                            "subnet_ids.1248007367": "subnet-06b9062f27e95030f",
                            "subnet_ids.177819946": "subnet-07732ba79c3794f17",
                            "tags.%": "0",
                            "version": "1.15"
                        },
                        "meta": {
                            "e2bfb730-ecaa-11e6-8f88-34363bc7c4c0": {
                                "create": 3600000000000,
                                "delete": 3600000000000,
                                "update": 3600000000000
                            }
                        },
                        "tainted": false
                    },
                    "deposed": [],
                    "provider": "provider.aws"
                },
                "aws_iam_policy_attachment.CNIPolicy_attach": {
                    "type": "aws_iam_policy_attachment",
                    "depends_on": [
                        "aws_iam_role.NodeGroupRole"
                    ],
                    "primary": {
                        "id": "CNIPolicy_attach",
                        "attributes": {
                            "groups.#": "0",
                            "id": "CNIPolicy_attach",
                            "name": "CNIPolicy_attach",
                            "policy_arn": "arn:aws:iam::aws:policy/AmazonEKS_CNI_Policy",
                            "roles.#": "1",
                            "roles.2554347700": "NodeGroupRole",
                            "users.#": "0"
                        },
                        "meta": {},
                        "tainted": false
                    },
                    "deposed": [],
                    "provider": "provider.aws"
                },
                "aws_iam_policy_attachment.ContainerRegPolicy_attach": {
                    "type": "aws_iam_policy_attachment",
                    "depends_on": [
                        "aws_iam_role.NodeGroupRole"
                    ],
                    "primary": {
                        "id": "ContainerRegPolicy_attach",
                        "attributes": {
                            "groups.#": "0",
                            "id": "ContainerRegPolicy_attach",
                            "name": "ContainerRegPolicy_attach",
                            "policy_arn": "arn:aws:iam::aws:policy/AmazonEC2ContainerRegistryReadOnly",
                            "roles.#": "1",
                            "roles.2554347700": "NodeGroupRole",
                            "users.#": "0"
                        },
                        "meta": {},
                        "tainted": false
                    },
                    "deposed": [],
                    "provider": "provider.aws"
                },
                "aws_iam_policy_attachment.EKSClusterPolicy_attach": {
                    "type": "aws_iam_policy_attachment",
                    "depends_on": [
                        "aws_iam_role.EKSRole"
                    ],
                    "primary": {
                        "id": "EKSClusterPolicy_attach",
                        "attributes": {
                            "groups.#": "0",
                            "id": "EKSClusterPolicy_attach",
                            "name": "EKSClusterPolicy_attach",
                            "policy_arn": "arn:aws:iam::aws:policy/AmazonEKSClusterPolicy",
                            "roles.#": "1",
                            "roles.1198272604": "EKSRole",
                            "users.#": "0"
                        },
                        "meta": {},
                        "tainted": false
                    },
                    "deposed": [],
                    "provider": "provider.aws"
                },
                "aws_iam_policy_attachment.EKSServicePolicy_attach": {
                    "type": "aws_iam_policy_attachment",
                    "depends_on": [
                        "aws_iam_role.EKSRole"
                    ],
                    "primary": {
                        "id": "EKSServicePolicy_attach",
                        "attributes": {
                            "groups.#": "0",
                            "id": "EKSServicePolicy_attach",
                            "name": "EKSServicePolicy_attach",
                            "policy_arn": "arn:aws:iam::aws:policy/AmazonEKSServicePolicy",
                            "roles.#": "1",
                            "roles.1198272604": "EKSRole",
                            "users.#": "0"
                        },
                        "meta": {},
                        "tainted": false
                    },
                    "deposed": [],
                    "provider": "provider.aws"
                },
                "aws_iam_policy_attachment.WorkerNodePolicy_attach": {
                    "type": "aws_iam_policy_attachment",
                    "depends_on": [
                        "aws_iam_role.NodeGroupRole"
                    ],
                    "primary": {
                        "id": "WorkerNodePolicy_attach",
                        "attributes": {
                            "groups.#": "0",
                            "id": "WorkerNodePolicy_attach",
                            "name": "WorkerNodePolicy_attach",
                            "policy_arn": "arn:aws:iam::aws:policy/AmazonEKSWorkerNodePolicy",
                            "roles.#": "1",
                            "roles.2554347700": "NodeGroupRole",
                            "users.#": "0"
                        },
                        "meta": {},
                        "tainted": false
                    },
                    "deposed": [],
                    "provider": "provider.aws"
                },
                "aws_iam_role.EKSRole": {
                    "type": "aws_iam_role",
                    "depends_on": [],
                    "primary": {
                        "id": "EKSRole",
                        "attributes": {
                            "arn": "arn:aws:iam::996688246986:role/EKSRole",
                            "assume_role_policy": "{\"Version\":\"2012-10-17\",\"Statement\":[{\"Sid\":\"\",\"Effect\":\"Allow\",\"Principal\":{\"Service\":\"eks.amazonaws.com\"},\"Action\":\"sts:AssumeRole\"}]}",
                            "create_date": "2020-04-14T14:26:49Z",
                            "description": "",
                            "force_detach_policies": "false",
                            "id": "EKSRole",
                            "max_session_duration": "3600",
                            "name": "EKSRole",
                            "path": "/",
                            "tags.%": "1",
                            "tags.tag-key": "EKSRole",
                            "unique_id": "AROA6QDZ7XDFAIUZNPN4O"
                        },
                        "meta": {},
                        "tainted": false
                    },
                    "deposed": [],
                    "provider": "provider.aws"
                },
                "aws_iam_role.NodeGroupRole": {
                    "type": "aws_iam_role",
                    "depends_on": [],
                    "primary": {
                        "id": "NodeGroupRole",
                        "attributes": {
                            "arn": "arn:aws:iam::996688246986:role/NodeGroupRole",
                            "assume_role_policy": "{\"Version\":\"2012-10-17\",\"Statement\":[{\"Sid\":\"\",\"Effect\":\"Allow\",\"Principal\":{\"Service\":\"ec2.amazonaws.com\"},\"Action\":\"sts:AssumeRole\"}]}",
                            "create_date": "2020-04-14T14:26:49Z",
                            "description": "",
                            "force_detach_policies": "false",
                            "id": "NodeGroupRole",
                            "max_session_duration": "3600",
                            "name": "NodeGroupRole",
                            "path": "/",
                            "tags.%": "1",
                            "tags.tag-key": "NodeGroupRole",
                            "unique_id": "AROA6QDZ7XDFB43QNNN3H"
                        },
                        "meta": {},
                        "tainted": false
                    },
                    "deposed": [],
                    "provider": "provider.aws"
                },
                "aws_internet_gateway.igw": {
                    "type": "aws_internet_gateway",
                    "depends_on": [
                        "aws_vpc.main_vpc"
                    ],
                    "primary": {
                        "id": "igw-07aef8d61b60cc83d",
                        "attributes": {
                            "id": "igw-07aef8d61b60cc83d",
                            "owner_id": "996688246986",
                            "tags.%": "1",
                            "tags.Name": "main_igw",
                            "vpc_id": "vpc-00fa97c7ffba1435d"
                        },
                        "meta": {},
                        "tainted": false
                    },
                    "deposed": [],
                    "provider": "provider.aws"
                },
                "aws_network_acl.public_nacl": {
                    "type": "aws_network_acl",
                    "depends_on": [
                        "aws_vpc.main_vpc"
                    ],
                    "primary": {
                        "id": "",
                        "attributes": {},
                        "meta": {},
                        "tainted": false
                    },
                    "deposed": [],
                    "provider": "provider.aws"
                },
                "aws_route.default_route": {
                    "type": "aws_route",
                    "depends_on": [
                        "aws_internet_gateway.igw",
                        "aws_route_table.public_route_table"
                    ],
                    "primary": {
                        "id": "",
                        "attributes": {},
                        "meta": {},
                        "tainted": false
                    },
                    "deposed": [],
                    "provider": "provider.aws"
                },
                "aws_route_table.public_route_table": {
                    "type": "aws_route_table",
                    "depends_on": [
                        "aws_internet_gateway.igw",
                        "aws_vpc.main_vpc"
                    ],
                    "primary": {
                        "id": "rtb-0e34d5413f1daf2dd",
                        "attributes": {
                            "id": "rtb-0e34d5413f1daf2dd",
                            "owner_id": "996688246986",
                            "propagating_vgws.#": "0",
                            "route.#": "1",
                            "route.1234565580.cidr_block": "0.0.0.0/0",
                            "route.1234565580.egress_only_gateway_id": "",
                            "route.1234565580.gateway_id": "igw-07aef8d61b60cc83d",
                            "route.1234565580.instance_id": "",
                            "route.1234565580.ipv6_cidr_block": "",
                            "route.1234565580.nat_gateway_id": "",
                            "route.1234565580.network_interface_id": "",
                            "route.1234565580.transit_gateway_id": "",
                            "route.1234565580.vpc_peering_connection_id": "",
                            "tags.%": "1",
                            "tags.Name": "public_route_table",
                            "vpc_id": "vpc-00fa97c7ffba1435d"
                        },
                        "meta": {},
                        "tainted": false
                    },
                    "deposed": [],
                    "provider": "provider.aws"
                },
                "aws_route_table_association.public_route_1": {
                    "type": "aws_route_table_association",
                    "depends_on": [
                        "aws_route_table.public_route_table",
                        "aws_subnet.public_subnet_1"
                    ],
                    "primary": {
                        "id": "",
                        "attributes": {},
                        "meta": {},
                        "tainted": false
                    },
                    "deposed": [],
                    "provider": "provider.aws"
                },
                "aws_route_table_association.public_route_2": {
                    "type": "aws_route_table_association",
                    "depends_on": [
                        "aws_route_table.public_route_table",
                        "aws_subnet.public_subnet_2"
                    ],
                    "primary": {
                        "id": "",
                        "attributes": {},
                        "meta": {},
                        "tainted": false
                    },
                    "deposed": [],
                    "provider": "provider.aws"
                },
                "aws_security_group.eks_security_group": {
                    "type": "aws_security_group",
                    "depends_on": [
                        "aws_vpc.main_vpc"
                    ],
                    "primary": {
                        "id": "sg-0c0712b1ba40f81f8",
                        "attributes": {
                            "arn": "arn:aws:ec2:us-east-1:996688246986:security-group/sg-0c0712b1ba40f81f8",
                            "description": "Allow http and ssh inbound traffic",
                            "egress.#": "1",
                            "egress.482069346.cidr_blocks.#": "1",
                            "egress.482069346.cidr_blocks.0": "0.0.0.0/0",
                            "egress.482069346.description": "",
                            "egress.482069346.from_port": "0",
                            "egress.482069346.ipv6_cidr_blocks.#": "0",
                            "egress.482069346.prefix_list_ids.#": "0",
                            "egress.482069346.protocol": "-1",
                            "egress.482069346.security_groups.#": "0",
                            "egress.482069346.self": "false",
                            "egress.482069346.to_port": "0",
                            "id": "sg-0c0712b1ba40f81f8",
                            "ingress.#": "3",
                            "ingress.2029317727.cidr_blocks.#": "1",
                            "ingress.2029317727.cidr_blocks.0": "0.0.0.0/0",
                            "ingress.2029317727.description": "http",
                            "ingress.2029317727.from_port": "8080",
                            "ingress.2029317727.ipv6_cidr_blocks.#": "0",
                            "ingress.2029317727.prefix_list_ids.#": "0",
                            "ingress.2029317727.protocol": "tcp",
                            "ingress.2029317727.security_groups.#": "0",
                            "ingress.2029317727.self": "false",
                            "ingress.2029317727.to_port": "8080",
                            "ingress.2214680975.cidr_blocks.#": "1",
                            "ingress.2214680975.cidr_blocks.0": "0.0.0.0/0",
                            "ingress.2214680975.description": "",
                            "ingress.2214680975.from_port": "80",
                            "ingress.2214680975.ipv6_cidr_blocks.#": "0",
                            "ingress.2214680975.prefix_list_ids.#": "0",
                            "ingress.2214680975.protocol": "tcp",
                            "ingress.2214680975.security_groups.#": "0",
                            "ingress.2214680975.self": "false",
                            "ingress.2214680975.to_port": "80",
                            "ingress.2617001939.cidr_blocks.#": "1",
                            "ingress.2617001939.cidr_blocks.0": "0.0.0.0/0",
                            "ingress.2617001939.description": "",
                            "ingress.2617001939.from_port": "443",
                            "ingress.2617001939.ipv6_cidr_blocks.#": "0",
                            "ingress.2617001939.prefix_list_ids.#": "0",
                            "ingress.2617001939.protocol": "tcp",
                            "ingress.2617001939.security_groups.#": "0",
                            "ingress.2617001939.self": "false",
                            "ingress.2617001939.to_port": "443",
                            "name": "allow_http_ssh",
                            "owner_id": "996688246986",
                            "revoke_rules_on_delete": "false",
                            "tags.%": "1",
                            "tags.Name": "allow_http_ssh",
                            "vpc_id": "vpc-00fa97c7ffba1435d"
                        },
                        "meta": {
                            "e2bfb730-ecaa-11e6-8f88-34363bc7c4c0": {
                                "create": 600000000000,
                                "delete": 600000000000
                            },
                            "schema_version": "1"
                        },
                        "tainted": false
                    },
                    "deposed": [],
                    "provider": "provider.aws"
                },
                "aws_subnet.public_subnet_1": {
                    "type": "aws_subnet",
                    "depends_on": [
                        "aws_vpc.main_vpc"
                    ],
                    "primary": {
                        "id": "subnet-06b9062f27e95030f",
                        "attributes": {
                            "arn": "arn:aws:ec2:us-east-1:996688246986:subnet/subnet-06b9062f27e95030f",
                            "assign_ipv6_address_on_creation": "false",
                            "availability_zone": "us-east-1f",
                            "availability_zone_id": "use1-az5",
                            "cidr_block": "10.0.1.0/24",
                            "id": "subnet-06b9062f27e95030f",
                            "ipv6_cidr_block": "",
                            "ipv6_cidr_block_association_id": "",
                            "map_public_ip_on_launch": "false",
                            "owner_id": "996688246986",
                            "tags.%": "1",
                            "tags.kubernetes.io/cluster/HelloWorld_API": "shared",
                            "vpc_id": "vpc-00fa97c7ffba1435d"
                        },
                        "meta": {
                            "e2bfb730-ecaa-11e6-8f88-34363bc7c4c0": {
                                "create": 600000000000,
                                "delete": 1200000000000
                            },
                            "schema_version": "1"
                        },
                        "tainted": false
                    },
                    "deposed": [],
                    "provider": "provider.aws"
                },
                "aws_subnet.public_subnet_2": {
                    "type": "aws_subnet",
                    "depends_on": [
                        "aws_vpc.main_vpc"
                    ],
                    "primary": {
                        "id": "subnet-07732ba79c3794f17",
                        "attributes": {
                            "arn": "arn:aws:ec2:us-east-1:996688246986:subnet/subnet-07732ba79c3794f17",
                            "assign_ipv6_address_on_creation": "false",
                            "availability_zone": "us-east-1c",
                            "availability_zone_id": "use1-az6",
                            "cidr_block": "10.0.2.0/24",
                            "id": "subnet-07732ba79c3794f17",
                            "ipv6_cidr_block": "",
                            "ipv6_cidr_block_association_id": "",
                            "map_public_ip_on_launch": "false",
                            "owner_id": "996688246986",
                            "tags.%": "1",
                            "tags.kubernetes.io/cluster/HelloWorld_API": "shared",
                            "vpc_id": "vpc-00fa97c7ffba1435d"
                        },
                        "meta": {
                            "e2bfb730-ecaa-11e6-8f88-34363bc7c4c0": {
                                "create": 600000000000,
                                "delete": 1200000000000
                            },
                            "schema_version": "1"
                        },
                        "tainted": false
                    },
                    "deposed": [],
                    "provider": "provider.aws"
                },
                "aws_vpc.main_vpc": {
                    "type": "aws_vpc",
                    "depends_on": [],
                    "primary": {
                        "id": "vpc-00fa97c7ffba1435d",
                        "attributes": {
                            "arn": "arn:aws:ec2:us-east-1:996688246986:vpc/vpc-00fa97c7ffba1435d",
                            "assign_generated_ipv6_cidr_block": "false",
                            "cidr_block": "10.0.0.0/16",
                            "default_network_acl_id": "acl-09986aca46d2ac693",
                            "default_route_table_id": "rtb-0e34d5413f1daf2dd",
                            "default_security_group_id": "sg-0e3a02609cd211c1b",
                            "dhcp_options_id": "dopt-55a5092f",
                            "enable_classiclink": "false",
                            "enable_classiclink_dns_support": "false",
                            "enable_dns_hostnames": "true",
                            "enable_dns_support": "true",
                            "id": "vpc-00fa97c7ffba1435d",
                            "instance_tenancy": "default",
                            "ipv6_association_id": "",
                            "ipv6_cidr_block": "",
                            "main_route_table_id": "rtb-0e34d5413f1daf2dd",
                            "owner_id": "996688246986",
                            "tags.%": "1",
                            "tags.Name": "main_vpc"
                        },
                        "meta": {
                            "schema_version": "1"
                        },
                        "tainted": false
                    },
                    "deposed": [],
                    "provider": "provider.aws"
                }
            },
            "depends_on": []
        }
    ]
}
