{
    "version": 3,
    "terraform_version": "0.11.13",
    "serial": 3,
    "lineage": "09a6d3dd-a62d-0acd-7545-49d969bcb019",
    "modules": [
        {
            "path": [
                "root"
            ],
            "outputs": {
                "endpoint": {
                    "sensitive": false,
                    "type": "string",
                    "value": "https://04599AC17B9A72242B97B55C91B6E24B.gr7.us-east-1.eks.amazonaws.com"
                },
                "kubeconfig-certificate-authority-data": {
                    "sensitive": false,
                    "type": "list",
                    "value": [
                        "LS0tLS1CRUdJTiBDRVJUSUZJQ0FURS0tLS0tCk1JSUN5RENDQWJDZ0F3SUJBZ0lCQURBTkJna3Foa2lHOXcwQkFRc0ZBREFWTVJNd0VRWURWUVFERXdwcmRXSmwKY201bGRHVnpNQjRYRFRJd01EUXhOREl5TURVd01sb1hEVE13TURReE1qSXlNRFV3TWxvd0ZURVRNQkVHQTFVRQpBeE1LYTNWaVpYSnVaWFJsY3pDQ0FTSXdEUVlKS29aSWh2Y05BUUVCQlFBRGdnRVBBRENDQVFvQ2dnRUJBTDhvCmtqeVZhOENIRTR5ZzJOWG16L3lLK21BY3NiaGNGcVBLdWZDVmlnbzRjRkcyVWdrRkltOWtsMkRIcnBqM2RoOSsKdkJJWHlOdjB5cDkwS2J1T0F5eEoxK3gwa0ZkUVl0bUN5VnhRdGVtcXNnZ0diQmFpbldUSEJxS3k0M3RDTUNTago0WjBoVjlVbzVtb3BrQVBYU0NtZnI1YjNwb2MyekZiNEpwclRVUDh0aFBZTVlPV0t0SFFGUHhONitEbXJhRlpqCmJhMTBHa2tXelYxNHVBd1B4SncwRHg3L3BOQU1jaURvQU92Z0Q5L1ZMNC9GdG1qS2ZuQkJwR3VqemxEc2pvTDgKVUFkTjMwRXhnNmNPT1RrNy9VK1kyOEVGMW1FdG5ldk40WXJuRFZLTXRBV1ZibGcxYlk2K0tJcW1UdGxuUnoxVQpHYnErYVF2a0ZMR1k4NzQ5WThFQ0F3RUFBYU1qTUNFd0RnWURWUjBQQVFIL0JBUURBZ0trTUE4R0ExVWRFd0VCCi93UUZNQU1CQWY4d0RRWUpLb1pJaHZjTkFRRUxCUUFEZ2dFQkFKYSt2TTRKVG1hdWx6bzVpSlB0SXR3QzRJUVEKV2x1RXc5SVBEVkdkZE9rMUF3b1Zpa0VCSFo1SmJpUUJVRklwbm9TMFRlZlE0TEYzTEIrUXlFd1gzRGZCMkhqdQpXU0xpclNLRmlyS3ZIdWo1c2NPZFZHckxRTDI5SVRUZFdoLzdZSVNlNVY1YXpGUWtBTkIzeGNYYlhwN3RKV3l6Cmo0MXgzbjhIc0o2emp2aUxGZnFTeC9SK2hxNXhGMUc1anpGekhZcEtlKzNoZFpJTVAyd25IRlBjMnV2OC9JaHUKRjgrM2tGMFRwcUVKWmVwZGIrMUN3QnJPdDBxaDU4OEp2S0g2QW5MQkYxVU5POS9sWEFEY3BsZGJqYUE3Q1ArVQpKYlZaNFgvMjlRNGsyVktVc1NEZFpNTG1yQ044UlFUZFJ4TDBPcUE2UlNjTmxPV2l0SlpwZmJjZzU2QT0KLS0tLS1FTkQgQ0VSVElGSUNBVEUtLS0tLQo="
                    ]
                }
            },
            "resources": {
                "aws_cloudwatch_log_group.hello-world-api": {
                    "type": "aws_cloudwatch_log_group",
                    "depends_on": [],
                    "primary": {
                        "id": "/aws/eks/HelloWorld_API_Cluster/cluster",
                        "attributes": {
                            "arn": "arn:aws:logs:us-east-1:996688246986:log-group:/aws/eks/HelloWorld_API_Cluster/cluster:*",
                            "id": "/aws/eks/HelloWorld_API_Cluster/cluster",
                            "kms_key_id": "",
                            "name": "/aws/eks/HelloWorld_API_Cluster/cluster",
                            "retention_in_days": "7",
                            "tags.%": "0"
                        },
                        "meta": {},
                        "tainted": false
                    },
                    "deposed": [],
                    "provider": "provider.aws"
                },
                "aws_eks_cluster.EKS_Cluster": {
                    "type": "aws_eks_cluster",
                    "depends_on": [
                        "aws_iam_policy_attachment.EKSClusterPolicy_attach",
                        "aws_iam_policy_attachment.EKSServicePolicy_attach",
                        "aws_iam_role.EKSRole",
                        "aws_security_group.eks_security_group",
                        "aws_subnet.public_subnet_1",
                        "aws_subnet.public_subnet_2"
                    ],
                    "primary": {
                        "id": "HelloWorld_API_Cluster",
                        "attributes": {
                            "arn": "arn:aws:eks:us-east-1:996688246986:cluster/HelloWorld_API_Cluster",
                            "certificate_authority.#": "1",
                            "certificate_authority.0.data": "LS0tLS1CRUdJTiBDRVJUSUZJQ0FURS0tLS0tCk1JSUN5RENDQWJDZ0F3SUJBZ0lCQURBTkJna3Foa2lHOXcwQkFRc0ZBREFWTVJNd0VRWURWUVFERXdwcmRXSmwKY201bGRHVnpNQjRYRFRJd01EUXhOREl5TURVd01sb1hEVE13TURReE1qSXlNRFV3TWxvd0ZURVRNQkVHQTFVRQpBeE1LYTNWaVpYSnVaWFJsY3pDQ0FTSXdEUVlKS29aSWh2Y05BUUVCQlFBRGdnRVBBRENDQVFvQ2dnRUJBTDhvCmtqeVZhOENIRTR5ZzJOWG16L3lLK21BY3NiaGNGcVBLdWZDVmlnbzRjRkcyVWdrRkltOWtsMkRIcnBqM2RoOSsKdkJJWHlOdjB5cDkwS2J1T0F5eEoxK3gwa0ZkUVl0bUN5VnhRdGVtcXNnZ0diQmFpbldUSEJxS3k0M3RDTUNTago0WjBoVjlVbzVtb3BrQVBYU0NtZnI1YjNwb2MyekZiNEpwclRVUDh0aFBZTVlPV0t0SFFGUHhONitEbXJhRlpqCmJhMTBHa2tXelYxNHVBd1B4SncwRHg3L3BOQU1jaURvQU92Z0Q5L1ZMNC9GdG1qS2ZuQkJwR3VqemxEc2pvTDgKVUFkTjMwRXhnNmNPT1RrNy9VK1kyOEVGMW1FdG5ldk40WXJuRFZLTXRBV1ZibGcxYlk2K0tJcW1UdGxuUnoxVQpHYnErYVF2a0ZMR1k4NzQ5WThFQ0F3RUFBYU1qTUNFd0RnWURWUjBQQVFIL0JBUURBZ0trTUE4R0ExVWRFd0VCCi93UUZNQU1CQWY4d0RRWUpLb1pJaHZjTkFRRUxCUUFEZ2dFQkFKYSt2TTRKVG1hdWx6bzVpSlB0SXR3QzRJUVEKV2x1RXc5SVBEVkdkZE9rMUF3b1Zpa0VCSFo1SmJpUUJVRklwbm9TMFRlZlE0TEYzTEIrUXlFd1gzRGZCMkhqdQpXU0xpclNLRmlyS3ZIdWo1c2NPZFZHckxRTDI5SVRUZFdoLzdZSVNlNVY1YXpGUWtBTkIzeGNYYlhwN3RKV3l6Cmo0MXgzbjhIc0o2emp2aUxGZnFTeC9SK2hxNXhGMUc1anpGekhZcEtlKzNoZFpJTVAyd25IRlBjMnV2OC9JaHUKRjgrM2tGMFRwcUVKWmVwZGIrMUN3QnJPdDBxaDU4OEp2S0g2QW5MQkYxVU5POS9sWEFEY3BsZGJqYUE3Q1ArVQpKYlZaNFgvMjlRNGsyVktVc1NEZFpNTG1yQ044UlFUZFJ4TDBPcUE2UlNjTmxPV2l0SlpwZmJjZzU2QT0KLS0tLS1FTkQgQ0VSVElGSUNBVEUtLS0tLQo=",
                            "created_at": "2020-04-14 21:55:49 +0000 UTC",
                            "enabled_cluster_log_types.#": "0",
                            "encryption_config.#": "0",
                            "endpoint": "https://04599AC17B9A72242B97B55C91B6E24B.gr7.us-east-1.eks.amazonaws.com",
                            "id": "HelloWorld_API_Cluster",
                            "identity.#": "1",
                            "identity.0.oidc.#": "1",
                            "identity.0.oidc.0.issuer": "https://oidc.eks.us-east-1.amazonaws.com/id/04599AC17B9A72242B97B55C91B6E24B",
                            "name": "HelloWorld_API_Cluster",
                            "platform_version": "eks.2",
                            "role_arn": "arn:aws:iam::996688246986:role/EKSRole",
                            "status": "ACTIVE",
                            "tags.%": "0",
                            "version": "1.15",
                            "vpc_config.#": "1",
                            "vpc_config.0.cluster_security_group_id": "sg-021ea42fc13d01829",
                            "vpc_config.0.endpoint_private_access": "false",
                            "vpc_config.0.endpoint_public_access": "true",
                            "vpc_config.0.public_access_cidrs.#": "1",
                            "vpc_config.0.public_access_cidrs.217649824": "0.0.0.0/0",
                            "vpc_config.0.security_group_ids.#": "2",
                            "vpc_config.0.security_group_ids.2731507744": "sg-0379d12c1c455805d",
                            "vpc_config.0.subnet_ids.#": "2",
                            "vpc_config.0.subnet_ids.4074850011": "subnet-0d3366480d660af92",
                            "vpc_config.0.subnet_ids.431475702": "subnet-05825416b69e855ac",
                            "vpc_config.0.vpc_id": "vpc-0b3879aaa6338f1c4"
                        },
                        "meta": {
                            "e2bfb730-ecaa-11e6-8f88-34363bc7c4c0": {
                                "create": 1800000000000,
                                "delete": 900000000000,
                                "update": 3600000000000
                            }
                        },
                        "tainted": false
                    },
                    "deposed": [],
                    "provider": "provider.aws"
                },
                "aws_eks_node_group.EKS_node_group": {
                    "type": "aws_eks_node_group",
                    "depends_on": [
                        "aws_eks_cluster.EKS_Cluster",
                        "aws_iam_policy_attachment.CNIPolicy_attach",
                        "aws_iam_policy_attachment.ContainerRegPolicy_attach",
                        "aws_iam_policy_attachment.WorkerNodePolicy_attach",
                        "aws_iam_role.NodeGroupRole",
                        "aws_subnet.public_subnet_1",
                        "aws_subnet.public_subnet_2"
                    ],
                    "primary": {
                        "id": "HelloWorld_API_Cluster:HelloWorld_Nodes",
                        "attributes": {
                            "ami_type": "AL2_x86_64",
                            "arn": "arn:aws:eks:us-east-1:996688246986:nodegroup/HelloWorld_API_Cluster/HelloWorld_Nodes/e4b8bd5e-529d-2902-4952-7c9ded7d4ec3",
                            "cluster_name": "HelloWorld_API_Cluster",
                            "disk_size": "20",
                            "id": "HelloWorld_API_Cluster:HelloWorld_Nodes",
                            "instance_types.#": "1",
                            "instance_types.1288588634": "t3.medium",
                            "labels.%": "0",
                            "node_group_name": "HelloWorld_Nodes",
                            "node_role_arn": "arn:aws:iam::996688246986:role/NodeGroupRole",
                            "release_version": "1.15.10-20200228",
                            "remote_access.#": "0",
                            "resources.#": "1",
                            "resources.0.autoscaling_groups.#": "1",
                            "resources.0.autoscaling_groups.0.name": "eks-e4b8bd5e-529d-2902-4952-7c9ded7d4ec3",
                            "resources.0.remote_access_security_group_id": "",
                            "scaling_config.#": "1",
                            "scaling_config.0.desired_size": "2",
                            "scaling_config.0.max_size": "4",
                            "scaling_config.0.min_size": "1",
                            "status": "ACTIVE",
                            "subnet_ids.#": "2",
                            "subnet_ids.4074850011": "subnet-0d3366480d660af92",
                            "subnet_ids.431475702": "subnet-05825416b69e855ac",
                            "tags.%": "0",
                            "version": "1.15"
                        },
                        "meta": {
                            "e2bfb730-ecaa-11e6-8f88-34363bc7c4c0": {
                                "create": 3600000000000,
                                "delete": 3600000000000,
                                "update": 3600000000000
                            }
                        },
                        "tainted": false
                    },
                    "deposed": [],
                    "provider": "provider.aws"
                },
                "aws_iam_policy_attachment.CNIPolicy_attach": {
                    "type": "aws_iam_policy_attachment",
                    "depends_on": [
                        "aws_iam_role.NodeGroupRole"
                    ],
                    "primary": {
                        "id": "CNIPolicy_attach",
                        "attributes": {
                            "groups.#": "0",
                            "id": "CNIPolicy_attach",
                            "name": "CNIPolicy_attach",
                            "policy_arn": "arn:aws:iam::aws:policy/AmazonEKS_CNI_Policy",
                            "roles.#": "1",
                            "roles.2554347700": "NodeGroupRole",
                            "users.#": "0"
                        },
                        "meta": {},
                        "tainted": false
                    },
                    "deposed": [],
                    "provider": "provider.aws"
                },
                "aws_iam_policy_attachment.ContainerRegPolicy_attach": {
                    "type": "aws_iam_policy_attachment",
                    "depends_on": [
                        "aws_iam_role.NodeGroupRole"
                    ],
                    "primary": {
                        "id": "ContainerRegPolicy_attach",
                        "attributes": {
                            "groups.#": "0",
                            "id": "ContainerRegPolicy_attach",
                            "name": "ContainerRegPolicy_attach",
                            "policy_arn": "arn:aws:iam::aws:policy/AmazonEC2ContainerRegistryReadOnly",
                            "roles.#": "1",
                            "roles.2554347700": "NodeGroupRole",
                            "users.#": "0"
                        },
                        "meta": {},
                        "tainted": false
                    },
                    "deposed": [],
                    "provider": "provider.aws"
                },
                "aws_iam_policy_attachment.EKSClusterPolicy_attach": {
                    "type": "aws_iam_policy_attachment",
                    "depends_on": [
                        "aws_iam_role.EKSRole"
                    ],
                    "primary": {
                        "id": "EKSClusterPolicy_attach",
                        "attributes": {
                            "groups.#": "0",
                            "id": "EKSClusterPolicy_attach",
                            "name": "EKSClusterPolicy_attach",
                            "policy_arn": "arn:aws:iam::aws:policy/AmazonEKSClusterPolicy",
                            "roles.#": "1",
                            "roles.1198272604": "EKSRole",
                            "users.#": "0"
                        },
                        "meta": {},
                        "tainted": false
                    },
                    "deposed": [],
                    "provider": "provider.aws"
                },
                "aws_iam_policy_attachment.EKSServicePolicy_attach": {
                    "type": "aws_iam_policy_attachment",
                    "depends_on": [
                        "aws_iam_role.EKSRole"
                    ],
                    "primary": {
                        "id": "EKSServicePolicy_attach",
                        "attributes": {
                            "groups.#": "0",
                            "id": "EKSServicePolicy_attach",
                            "name": "EKSServicePolicy_attach",
                            "policy_arn": "arn:aws:iam::aws:policy/AmazonEKSServicePolicy",
                            "roles.#": "1",
                            "roles.1198272604": "EKSRole",
                            "users.#": "0"
                        },
                        "meta": {},
                        "tainted": false
                    },
                    "deposed": [],
                    "provider": "provider.aws"
                },
                "aws_iam_policy_attachment.WorkerNodePolicy_attach": {
                    "type": "aws_iam_policy_attachment",
                    "depends_on": [
                        "aws_iam_role.NodeGroupRole"
                    ],
                    "primary": {
                        "id": "WorkerNodePolicy_attach",
                        "attributes": {
                            "groups.#": "0",
                            "id": "WorkerNodePolicy_attach",
                            "name": "WorkerNodePolicy_attach",
                            "policy_arn": "arn:aws:iam::aws:policy/AmazonEKSWorkerNodePolicy",
                            "roles.#": "1",
                            "roles.2554347700": "NodeGroupRole",
                            "users.#": "0"
                        },
                        "meta": {},
                        "tainted": false
                    },
                    "deposed": [],
                    "provider": "provider.aws"
                },
                "aws_iam_role.EKSRole": {
                    "type": "aws_iam_role",
                    "depends_on": [],
                    "primary": {
                        "id": "EKSRole",
                        "attributes": {
                            "arn": "arn:aws:iam::996688246986:role/EKSRole",
                            "assume_role_policy": "{\"Version\":\"2012-10-17\",\"Statement\":[{\"Sid\":\"\",\"Effect\":\"Allow\",\"Principal\":{\"Service\":\"eks.amazonaws.com\"},\"Action\":\"sts:AssumeRole\"}]}",
                            "create_date": "2020-04-14T21:55:40Z",
                            "description": "",
                            "force_detach_policies": "false",
                            "id": "EKSRole",
                            "max_session_duration": "3600",
                            "name": "EKSRole",
                            "path": "/",
                            "tags.%": "1",
                            "tags.tag-key": "EKSRole",
                            "unique_id": "AROA6QDZ7XDFP3CC4VKMV"
                        },
                        "meta": {},
                        "tainted": false
                    },
                    "deposed": [],
                    "provider": "provider.aws"
                },
                "aws_iam_role.NodeGroupRole": {
                    "type": "aws_iam_role",
                    "depends_on": [],
                    "primary": {
                        "id": "NodeGroupRole",
                        "attributes": {
                            "arn": "arn:aws:iam::996688246986:role/NodeGroupRole",
                            "assume_role_policy": "{\"Version\":\"2012-10-17\",\"Statement\":[{\"Sid\":\"\",\"Effect\":\"Allow\",\"Principal\":{\"Service\":\"ec2.amazonaws.com\"},\"Action\":\"sts:AssumeRole\"}]}",
                            "create_date": "2020-04-14T21:55:40Z",
                            "description": "",
                            "force_detach_policies": "false",
                            "id": "NodeGroupRole",
                            "max_session_duration": "3600",
                            "name": "NodeGroupRole",
                            "path": "/",
                            "tags.%": "1",
                            "tags.tag-key": "NodeGroupRole",
                            "unique_id": "AROA6QDZ7XDFOMXMTYWQA"
                        },
                        "meta": {},
                        "tainted": false
                    },
                    "deposed": [],
                    "provider": "provider.aws"
                },
                "aws_internet_gateway.igw": {
                    "type": "aws_internet_gateway",
                    "depends_on": [
                        "aws_vpc.main_vpc"
                    ],
                    "primary": {
                        "id": "igw-0a773951a073f2f97",
                        "attributes": {
                            "id": "igw-0a773951a073f2f97",
                            "owner_id": "996688246986",
                            "tags.%": "1",
                            "tags.Name": "main_igw",
                            "vpc_id": "vpc-0b3879aaa6338f1c4"
                        },
                        "meta": {},
                        "tainted": false
                    },
                    "deposed": [],
                    "provider": "provider.aws"
                },
                "aws_network_acl.main_nacl": {
                    "type": "aws_network_acl",
                    "depends_on": [],
                    "primary": {
                        "id": "acl-0d2513138557eaace",
                        "attributes": {
                            "egress.#": "1",
                            "egress.1401401844.action": "allow",
                            "egress.1401401844.cidr_block": "0.0.0.0/0",
                            "egress.1401401844.from_port": "0",
                            "egress.1401401844.icmp_code": "0",
                            "egress.1401401844.icmp_type": "0",
                            "egress.1401401844.ipv6_cidr_block": "",
                            "egress.1401401844.protocol": "-1",
                            "egress.1401401844.rule_no": "100",
                            "egress.1401401844.to_port": "0",
                            "id": "acl-0d2513138557eaace",
                            "ingress.#": "1",
                            "ingress.1401401844.action": "allow",
                            "ingress.1401401844.cidr_block": "0.0.0.0/0",
                            "ingress.1401401844.from_port": "0",
                            "ingress.1401401844.icmp_code": "0",
                            "ingress.1401401844.icmp_type": "0",
                            "ingress.1401401844.ipv6_cidr_block": "",
                            "ingress.1401401844.protocol": "-1",
                            "ingress.1401401844.rule_no": "100",
                            "ingress.1401401844.to_port": "0",
                            "owner_id": "996688246986",
                            "subnet_ids.#": "2",
                            "subnet_ids.2351752526": "subnet-0d3366480d660af92",
                            "subnet_ids.3566729099": "subnet-05825416b69e855ac",
                            "tags.%": "1",
                            "tags.Name": "main_nacl",
                            "vpc_id": "vpc-0b3879aaa6338f1c4"
                        },
                        "meta": {},
                        "tainted": false
                    },
                    "deposed": [],
                    "provider": "provider.aws"
                },
                "aws_route_table.public_route_table": {
                    "type": "aws_route_table",
                    "depends_on": [
                        "aws_internet_gateway.igw",
                        "aws_vpc.main_vpc"
                    ],
                    "primary": {
                        "id": "rtb-03f647433047c7ee8",
                        "attributes": {
                            "id": "rtb-03f647433047c7ee8",
                            "owner_id": "996688246986",
                            "propagating_vgws.#": "0",
                            "route.#": "1",
                            "route.2661050817.cidr_block": "0.0.0.0/0",
                            "route.2661050817.egress_only_gateway_id": "",
                            "route.2661050817.gateway_id": "igw-0a773951a073f2f97",
                            "route.2661050817.instance_id": "",
                            "route.2661050817.ipv6_cidr_block": "",
                            "route.2661050817.nat_gateway_id": "",
                            "route.2661050817.network_interface_id": "",
                            "route.2661050817.transit_gateway_id": "",
                            "route.2661050817.vpc_peering_connection_id": "",
                            "tags.%": "1",
                            "tags.Name": "public_route_table",
                            "vpc_id": "vpc-0b3879aaa6338f1c4"
                        },
                        "meta": {},
                        "tainted": false
                    },
                    "deposed": [],
                    "provider": "provider.aws"
                },
                "aws_route_table_association.public_route_1": {
                    "type": "aws_route_table_association",
                    "depends_on": [
                        "aws_route_table.public_route_table",
                        "aws_subnet.public_subnet_1"
                    ],
                    "primary": {
                        "id": "rtbassoc-071ab74d106bc2cd0",
                        "attributes": {
                            "id": "rtbassoc-071ab74d106bc2cd0",
                            "route_table_id": "rtb-03f647433047c7ee8",
                            "subnet_id": "subnet-05825416b69e855ac"
                        },
                        "meta": {},
                        "tainted": false
                    },
                    "deposed": [],
                    "provider": "provider.aws"
                },
                "aws_route_table_association.public_route_2": {
                    "type": "aws_route_table_association",
                    "depends_on": [
                        "aws_route_table.public_route_table",
                        "aws_subnet.public_subnet_2"
                    ],
                    "primary": {
                        "id": "rtbassoc-048101acc308b50f7",
                        "attributes": {
                            "id": "rtbassoc-048101acc308b50f7",
                            "route_table_id": "rtb-03f647433047c7ee8",
                            "subnet_id": "subnet-0d3366480d660af92"
                        },
                        "meta": {},
                        "tainted": false
                    },
                    "deposed": [],
                    "provider": "provider.aws"
                },
                "aws_security_group.eks_security_group": {
                    "type": "aws_security_group",
                    "depends_on": [
                        "aws_vpc.main_vpc"
                    ],
                    "primary": {
                        "id": "sg-0379d12c1c455805d",
                        "attributes": {
                            "arn": "arn:aws:ec2:us-east-1:996688246986:security-group/sg-0379d12c1c455805d",
                            "description": "Allow http inbound traffic",
                            "egress.#": "1",
                            "egress.482069346.cidr_blocks.#": "1",
                            "egress.482069346.cidr_blocks.0": "0.0.0.0/0",
                            "egress.482069346.description": "",
                            "egress.482069346.from_port": "0",
                            "egress.482069346.ipv6_cidr_blocks.#": "0",
                            "egress.482069346.prefix_list_ids.#": "0",
                            "egress.482069346.protocol": "-1",
                            "egress.482069346.security_groups.#": "0",
                            "egress.482069346.self": "false",
                            "egress.482069346.to_port": "0",
                            "id": "sg-0379d12c1c455805d",
                            "ingress.#": "2",
                            "ingress.1212775337.cidr_blocks.#": "1",
                            "ingress.1212775337.cidr_blocks.0": "0.0.0.0/0",
                            "ingress.1212775337.description": "http",
                            "ingress.1212775337.from_port": "8080",
                            "ingress.1212775337.ipv6_cidr_blocks.#": "0",
                            "ingress.1212775337.prefix_list_ids.#": "0",
                            "ingress.1212775337.protocol": "tcp",
                            "ingress.1212775337.security_groups.#": "0",
                            "ingress.1212775337.self": "false",
                            "ingress.1212775337.to_port": "8080",
                            "name": "allow_http",
                            "owner_id": "996688246986",
                            "revoke_rules_on_delete": "false",
                            "tags.%": "1",
                            "tags.Name": "allow_http",
                            "vpc_id": "vpc-0b3879aaa6338f1c4"
                        },
                        "meta": {
                            "e2bfb730-ecaa-11e6-8f88-34363bc7c4c0": {
                                "create": 600000000000,
                                "delete": 600000000000
                            },
                            "schema_version": "1"
                        },
                        "tainted": false
                    },
                    "deposed": [],
                    "provider": "provider.aws"
                },
                "aws_subnet.public_subnet_1": {
                    "type": "aws_subnet",
                    "depends_on": [
                        "aws_vpc.main_vpc"
                    ],
                    "primary": {
                        "id": "subnet-05825416b69e855ac",
                        "attributes": {
                            "arn": "arn:aws:ec2:us-east-1:996688246986:subnet/subnet-05825416b69e855ac",
                            "assign_ipv6_address_on_creation": "false",
                            "availability_zone": "us-east-1d",
                            "availability_zone_id": "use1-az1",
                            "cidr_block": "10.0.1.0/24",
                            "id": "subnet-05825416b69e855ac",
                            "ipv6_cidr_block": "",
                            "ipv6_cidr_block_association_id": "",
                            "map_public_ip_on_launch": "false",
                            "owner_id": "996688246986",
                            "tags.%": "2",
                            "tags.Name": "public_subnet_1",
                            "tags.kubernetes.io/cluster/HelloWorld_API": "shared",
                            "vpc_id": "vpc-0b3879aaa6338f1c4"
                        },
                        "meta": {
                            "e2bfb730-ecaa-11e6-8f88-34363bc7c4c0": {
                                "create": 600000000000,
                                "delete": 1200000000000
                            },
                            "schema_version": "1"
                        },
                        "tainted": false
                    },
                    "deposed": [],
                    "provider": "provider.aws"
                },
                "aws_subnet.public_subnet_2": {
                    "type": "aws_subnet",
                    "depends_on": [
                        "aws_vpc.main_vpc"
                    ],
                    "primary": {
                        "id": "subnet-0d3366480d660af92",
                        "attributes": {
                            "arn": "arn:aws:ec2:us-east-1:996688246986:subnet/subnet-0d3366480d660af92",
                            "assign_ipv6_address_on_creation": "false",
                            "availability_zone": "us-east-1a",
                            "availability_zone_id": "use1-az2",
                            "cidr_block": "10.0.2.0/24",
                            "id": "subnet-0d3366480d660af92",
                            "ipv6_cidr_block": "",
                            "ipv6_cidr_block_association_id": "",
                            "map_public_ip_on_launch": "false",
                            "owner_id": "996688246986",
                            "tags.%": "2",
                            "tags.Name": "public_subnet_2",
                            "tags.kubernetes.io/cluster/HelloWorld_API": "shared",
                            "vpc_id": "vpc-0b3879aaa6338f1c4"
                        },
                        "meta": {
                            "e2bfb730-ecaa-11e6-8f88-34363bc7c4c0": {
                                "create": 600000000000,
                                "delete": 1200000000000
                            },
                            "schema_version": "1"
                        },
                        "tainted": false
                    },
                    "deposed": [],
                    "provider": "provider.aws"
                },
                "aws_vpc.main_vpc": {
                    "type": "aws_vpc",
                    "depends_on": [],
                    "primary": {
                        "id": "vpc-0b3879aaa6338f1c4",
                        "attributes": {
                            "arn": "arn:aws:ec2:us-east-1:996688246986:vpc/vpc-0b3879aaa6338f1c4",
                            "assign_generated_ipv6_cidr_block": "false",
                            "cidr_block": "10.0.0.0/16",
                            "default_network_acl_id": "acl-0d2513138557eaace",
                            "default_route_table_id": "rtb-06c675ba3abc631f7",
                            "default_security_group_id": "sg-0adad05e842847b4a",
                            "dhcp_options_id": "dopt-55a5092f",
                            "enable_classiclink": "false",
                            "enable_classiclink_dns_support": "false",
                            "enable_dns_hostnames": "true",
                            "enable_dns_support": "true",
                            "id": "vpc-0b3879aaa6338f1c4",
                            "instance_tenancy": "default",
                            "ipv6_association_id": "",
                            "ipv6_cidr_block": "",
                            "main_route_table_id": "rtb-06c675ba3abc631f7",
                            "owner_id": "996688246986",
                            "tags.%": "1",
                            "tags.Name": "main_vpc"
                        },
                        "meta": {
                            "schema_version": "1"
                        },
                        "tainted": false
                    },
                    "deposed": [],
                    "provider": "provider.aws"
                }
            },
            "depends_on": []
        }
    ]
}
